<Project ToolsVersion="4.0" xmlns="http://schemas.microsoft.com/developer/msbuild/2003">
  <ItemGroup>
    <Filter Include="Source Files">
      <UniqueIdentifier>{4FC737F1-C7A5-4376-A066-2A32D752A2FF}</UniqueIdentifier>
      <Extensions>cpp;c;cc;cxx;def;odl;idl;hpj;bat;asm;asmx</Extensions>
    </Filter>
    <Filter Include="Header Files">
      <UniqueIdentifier>{93995380-89BD-4b04-88EB-625FBE52EBFB}</UniqueIdentifier>
      <Extensions>h;hpp;hxx;hm;inl;inc;xsd</Extensions>
    </Filter>
    <Filter Include="Resource Files">
      <UniqueIdentifier>{67DA6AB6-F800-4c08-8B7A-83BB121AAD01}</UniqueIdentifier>
      <Extensions>rc;ico;cur;bmp;dlg;rc2;rct;bin;rgs;gif;jpg;jpeg;jpe;resx;tiff;tif;png;wav</Extensions>
    </Filter>
    <Filter Include="Blocks">
      <UniqueIdentifier>{0E85CD61-C351-4006-85E7-293C5FF16BD2}</UniqueIdentifier>
    </Filter>
    <Filter Include="Blocks\BluecadetText">
      <UniqueIdentifier>{0808D8CB-2616-48B5-8A1E-CC438935B354}</UniqueIdentifier>
    </Filter>
    <Filter Include="Blocks\BluecadetText\src">
      <UniqueIdentifier>{1326F4DF-0B31-498F-B5F2-C29764ED0697}</UniqueIdentifier>
    </Filter>
    <Filter Include="Blocks\BluecadetText\src\bluecadet">
      <UniqueIdentifier>{443C4414-0F2A-4B86-A2E7-FA58199B7AA6}</UniqueIdentifier>
    </Filter>
    <Filter Include="Blocks\BluecadetText\src\bluecadet\text">
      <UniqueIdentifier>{18EF41CA-C2AB-4FA8-9859-74765DB4AF9C}</UniqueIdentifier>
    </Filter>
  </ItemGroup>
  <ItemGroup>
    <ClCompile Include="..\src\PropertyExplorerSampleApp.cpp">
      <Filter>Source Files</Filter>
    </ClCompile>
    <ClCompile Include="..\src\PropertyExplorerSampleApp.cpp">
      <Filter>Source Files</Filter>
    </ClCompile>
    <ClInclude Include="..\include\Resources.h">
      <Filter>Header Files</Filter>
    </ClInclude>
    <ClCompile Include="..\..\..\src\bluecadet\text\FontManager.cpp">
      <Filter>Blocks\BluecadetText\src\bluecadet\text</Filter>
    </ClCompile>
    <ClCompile Include="..\..\..\src\bluecadet\text\StyledTextLayout.cpp">
      <Filter>Blocks\BluecadetText\src\bluecadet\text</Filter>
    </ClCompile>
    <ClCompile Include="..\..\..\src\bluecadet\text\StyledTextParser.cpp">
      <Filter>Blocks\BluecadetText\src\bluecadet\text</Filter>
    </ClCompile>
    <ClCompile Include="..\..\..\src\bluecadet\text\StyleManager.cpp">
      <Filter>Blocks\BluecadetText\src\bluecadet\text</Filter>
    </ClCompile>
    <ClInclude Include="..\..\..\src\bluecadet\text\FontManager.h">
      <Filter>Blocks\BluecadetText\src\bluecadet\text</Filter>
    </ClInclude>
    <ClInclude Include="..\..\..\src\bluecadet\text\StyledTextLayout.h">
      <Filter>Blocks\BluecadetText\src\bluecadet\text</Filter>
    </ClInclude>
    <ClInclude Include="..\..\..\src\bluecadet\text\StyledTextParser.h">
      <Filter>Blocks\BluecadetText\src\bluecadet\text</Filter>
    </ClInclude>
    <ClInclude Include="..\..\..\src\bluecadet\text\StyleManager.h">
      <Filter>Blocks\BluecadetText\src\bluecadet\text</Filter>
    </ClInclude>
    <ClInclude Include="..\..\..\src\bluecadet\text\Text.h">
      <Filter>Blocks\BluecadetText\src\bluecadet\text</Filter>
    </ClInclude>
  </ItemGroup>
  <ItemGroup>
    <ClInclude Include="..\include\Resources.h">
      <Filter>Header Files</Filter>
    </ClInclude>
  </ItemGroup>
  <ItemGroup>
    <ResourceCompile Include="Resources.rc">
      <Filter>Resource Files</Filter>
    </ResourceCompile>
  </ItemGroup>
</Project>
