<?xml version="1.0" encoding="utf-8"?>
<Project ToolsVersion="4.0" xmlns="http://schemas.microsoft.com/developer/msbuild/2003">
  <ItemGroup>
    <Filter Include="Source Files">
      <UniqueIdentifier>{4FC737F1-C7A5-4376-A066-2A32D752A2FF}</UniqueIdentifier>
      <Extensions>cpp;c;cc;cxx;def;odl;idl;hpj;bat;asm;asmx</Extensions>
    </Filter>
    <Filter Include="Header Files">
      <UniqueIdentifier>{93995380-89BD-4b04-88EB-625FBE52EBFB}</UniqueIdentifier>
      <Extensions>h;hpp;hxx;hm;inl;inc;xsd</Extensions>
    </Filter>
    <Filter Include="Resource Files">
      <UniqueIdentifier>{67DA6AB6-F800-4c08-8B7A-83BB121AAD01}</UniqueIdentifier>
      <Extensions>rc;ico;cur;bmp;dlg;rc2;rct;bin;rgs;gif;jpg;jpeg;jpe;resx;tiff;tif;png;wav</Extensions>
    </Filter>
    <Filter Include="Source Files\bci_utils">
      <UniqueIdentifier>{9eeb8e97-435b-437f-b7c8-5613f233e934}</UniqueIdentifier>
    </Filter>
    <Filter Include="Source Files\bci_utils\text">
      <UniqueIdentifier>{39eaca8a-ba2b-4106-b46b-078cbb3c0ba3}</UniqueIdentifier>
    </Filter>
  </ItemGroup>
  <ItemGroup>
    <ClCompile Include="..\src\TextLayoutTestApp.cpp">
      <Filter>Source Files</Filter>
    </ClCompile>
    <ClCompile Include="..\src\TextLayoutTestApp.cpp">
      <Filter>Source Files</Filter>
    </ClCompile>
    <ClInclude Include="..\include\Resources.h">
      <Filter>Header Files</Filter>
    </ClInclude>
    <ClCompile Include="..\..\..\MediaWall\blocks\BCI-Cinder-Utils\Text\src\FontManager.cpp">
      <Filter>Source Files\bci_utils\text</Filter>
    </ClCompile>
    <ClCompile Include="..\..\..\MediaWall\blocks\BCI-Cinder-Utils\Text\src\StyledTextLayout.cpp">
      <Filter>Source Files\bci_utils\text</Filter>
    </ClCompile>
    <ClCompile Include="..\..\..\MediaWall\blocks\BCI-Cinder-Utils\Text\src\StyledTextParser.cpp">
      <Filter>Source Files\bci_utils\text</Filter>
    </ClCompile>
    <ClCompile Include="..\..\..\MediaWall\blocks\BCI-Cinder-Utils\Text\src\StyleManager.cpp">
      <Filter>Source Files\bci_utils\text</Filter>
    </ClCompile>
  </ItemGroup>
  <ItemGroup>
    <ClInclude Include="..\include\Resources.h">
      <Filter>Header Files</Filter>
    </ClInclude>
    <ClInclude Include="..\..\..\MediaWall\blocks\BCI-Cinder-Utils\Text\src\Text.h">
      <Filter>Source Files\bci_utils\text</Filter>
    </ClInclude>
    <ClInclude Include="..\..\..\MediaWall\blocks\BCI-Cinder-Utils\Text\src\FontManager.h">
      <Filter>Source Files\bci_utils\text</Filter>
    </ClInclude>
    <ClInclude Include="..\..\..\MediaWall\blocks\BCI-Cinder-Utils\Text\src\StyledTextLayout.h">
      <Filter>Source Files\bci_utils\text</Filter>
    </ClInclude>
    <ClInclude Include="..\..\..\MediaWall\blocks\BCI-Cinder-Utils\Text\src\StyledTextParser.h">
      <Filter>Source Files\bci_utils\text</Filter>
    </ClInclude>
    <ClInclude Include="..\..\..\MediaWall\blocks\BCI-Cinder-Utils\Text\src\StyleManager.h">
      <Filter>Source Files\bci_utils\text</Filter>
    </ClInclude>
  </ItemGroup>
  <ItemGroup>
    <ResourceCompile Include="Resources.rc">
      <Filter>Resource Files</Filter>
    </ResourceCompile>
  </ItemGroup>
</Project>